
Microsoft Visual Studio Solution File, Format Version 12.00
# Visual Studio Version 17
VisualStudioVersion = 17.11.35327.3
MinimumVisualStudioVersion = 10.0.40219.1
Project("{8BC9CEB8-8B4A-11D0-8D11-00A0C91BC942}") = "solve11", "solve11.vcxproj", "{5254DACE-7252-48B1-9DAB-4CF1F015CD27}"
EndProject
Global
	GlobalSection(SolutionConfigurationPlatforms) = preSolution
		Debug|x64 = Debug|x64
		Debug|x86 = Debug|x86
		Release|x64 = Release|x64
		Release|x86 = Release|x86
	EndGlobalSection
	GlobalSection(ProjectConfigurationPlatforms) = postSolution
		{5254DACE-7252-48B1-9DAB-4CF1F015CD27}.Debug|x64.ActiveCfg = Debug|x64
		{5254DACE-7252-48B1-9DAB-4CF1F015CD27}.Debug|x64.Build.0 = Debug|x64
		{5254DACE-7252-48B1-9DAB-4CF1F015CD27}.Debug|x86.ActiveCfg = Debug|Win32
		{5254DACE-7252-48B1-9DAB-4CF1F015CD27}.Debug|x86.Build.0 = Debug|Win32
		{5254DACE-7252-48B1-9DAB-4CF1F015CD27}.Release|x64.ActiveCfg = Release|x64
		{5254DACE-7252-48B1-9DAB-4CF1F015CD27}.Release|x64.Build.0 = Release|x64
		{5254DACE-7252-48B1-9DAB-4CF1F015CD27}.Release|x86.ActiveCfg = Release|Win32
		{5254DACE-7252-48B1-9DAB-4CF1F015CD27}.Release|x86.Build.0 = Release|Win32
	EndGlobalSection
	GlobalSection(SolutionProperties) = preSolution
		HideSolutionNode = FALSE
	EndGlobalSection
	GlobalSection(ExtensibilityGlobals) = postSolution
		SolutionGuid = {67DCAEE1-9E87-4E06-9DAB-433EA19B079C}
	EndGlobalSection
EndGlobal
